{
	"name": "obsidian-sample-plugin",
	"version": "1.0.0",
	"lockfileVersion": 1,
	"requires": true,
	"dependencies": {
		"@babel/runtime": {
			"version": "7.21.0",
			"resolved": "https://registry.npmjs.org/@babel/runtime/-/runtime-7.21.0.tgz",
			"integrity": "sha512-xwII0//EObnq89Ji5AKYQaRYiW/nZ3llSv29d49IuxPhKbtJoLP+9QUUZ4nVragQVtaVGeZrpB+ZtG/Pdy/POw==",
			"requires": {
				"regenerator-runtime": "^0.13.11"
			}
		},
		"@esbuild/android-arm": {
			"version": "0.17.3",
			"resolved": "https://registry.npmjs.org/@esbuild/android-arm/-/android-arm-0.17.3.tgz",
			"integrity": "sha512-1Mlz934GvbgdDmt26rTLmf03cAgLg5HyOgJN+ZGCeP3Q9ynYTNMn2/LQxIl7Uy+o4K6Rfi2OuLsr12JQQR8gNg==",
			"dev": true,
			"optional": true
		},
		"@esbuild/android-arm64": {
			"version": "0.17.3",
			"resolved": "https://registry.npmjs.org/@esbuild/android-arm64/-/android-arm64-0.17.3.tgz",
			"integrity": "sha512-XvJsYo3dO3Pi4kpalkyMvfQsjxPWHYjoX4MDiB/FUM4YMfWcXa5l4VCwFWVYI1+92yxqjuqrhNg0CZg3gSouyQ==",
			"dev": true,
			"optional": true
		},
		"@esbuild/android-x64": {
			"version": "0.17.3",
			"resolved": "https://registry.npmjs.org/@esbuild/android-x64/-/android-x64-0.17.3.tgz",
			"integrity": "sha512-nuV2CmLS07Gqh5/GrZLuqkU9Bm6H6vcCspM+zjp9TdQlxJtIe+qqEXQChmfc7nWdyr/yz3h45Utk1tUn8Cz5+A==",
			"dev": true,
			"optional": true
		},
		"@esbuild/darwin-arm64": {
			"version": "0.17.3",
			"resolved": "https://registry.npmjs.org/@esbuild/darwin-arm64/-/darwin-arm64-0.17.3.tgz",
			"integrity": "sha512-01Hxaaat6m0Xp9AXGM8mjFtqqwDjzlMP0eQq9zll9U85ttVALGCGDuEvra5Feu/NbP5AEP1MaopPwzsTcUq1cw==",
			"dev": true,
			"optional": true
		},
		"@esbuild/darwin-x64": {
			"version": "0.17.3",
			"resolved": "https://registry.npmjs.org/@esbuild/darwin-x64/-/darwin-x64-0.17.3.tgz",
			"integrity": "sha512-Eo2gq0Q/er2muf8Z83X21UFoB7EU6/m3GNKvrhACJkjVThd0uA+8RfKpfNhuMCl1bKRfBzKOk6xaYKQZ4lZqvA==",
			"dev": true,
			"optional": true
		},
		"@esbuild/freebsd-arm64": {
			"version": "0.17.3",
			"resolved": "https://registry.npmjs.org/@esbuild/freebsd-arm64/-/freebsd-arm64-0.17.3.tgz",
			"integrity": "sha512-CN62ESxaquP61n1ZjQP/jZte8CE09M6kNn3baos2SeUfdVBkWN5n6vGp2iKyb/bm/x4JQzEvJgRHLGd5F5b81w==",
			"dev": true,
			"optional": true
		},
		"@esbuild/freebsd-x64": {
			"version": "0.17.3",
			"resolved": "https://registry.npmjs.org/@esbuild/freebsd-x64/-/freebsd-x64-0.17.3.tgz",
			"integrity": "sha512-feq+K8TxIznZE+zhdVurF3WNJ/Sa35dQNYbaqM/wsCbWdzXr5lyq+AaTUSER2cUR+SXPnd/EY75EPRjf4s1SLg==",
			"dev": true,
			"optional": true
		},
		"@esbuild/linux-arm": {
			"version": "0.17.3",
			"resolved": "https://registry.npmjs.org/@esbuild/linux-arm/-/linux-arm-0.17.3.tgz",
			"integrity": "sha512-CLP3EgyNuPcg2cshbwkqYy5bbAgK+VhyfMU7oIYyn+x4Y67xb5C5ylxsNUjRmr8BX+MW3YhVNm6Lq6FKtRTWHQ==",
			"dev": true,
			"optional": true
		},
		"@esbuild/linux-arm64": {
			"version": "0.17.3",
			"resolved": "https://registry.npmjs.org/@esbuild/linux-arm64/-/linux-arm64-0.17.3.tgz",
			"integrity": "sha512-JHeZXD4auLYBnrKn6JYJ0o5nWJI9PhChA/Nt0G4MvLaMrvXuWnY93R3a7PiXeJQphpL1nYsaMcoV2QtuvRnF/g==",
			"dev": true,
			"optional": true
		},
		"@esbuild/linux-ia32": {
			"version": "0.17.3",
			"resolved": "https://registry.npmjs.org/@esbuild/linux-ia32/-/linux-ia32-0.17.3.tgz",
			"integrity": "sha512-FyXlD2ZjZqTFh0sOQxFDiWG1uQUEOLbEh9gKN/7pFxck5Vw0qjWSDqbn6C10GAa1rXJpwsntHcmLqydY9ST9ZA==",
			"dev": true,
			"optional": true
		},
		"@esbuild/linux-loong64": {
			"version": "0.17.3",
			"resolved": "https://registry.npmjs.org/@esbuild/linux-loong64/-/linux-loong64-0.17.3.tgz",
			"integrity": "sha512-OrDGMvDBI2g7s04J8dh8/I7eSO+/E7nMDT2Z5IruBfUO/RiigF1OF6xoH33Dn4W/OwAWSUf1s2nXamb28ZklTA==",
			"dev": true,
			"optional": true
		},
		"@esbuild/linux-mips64el": {
			"version": "0.17.3",
			"resolved": "https://registry.npmjs.org/@esbuild/linux-mips64el/-/linux-mips64el-0.17.3.tgz",
			"integrity": "sha512-DcnUpXnVCJvmv0TzuLwKBC2nsQHle8EIiAJiJ+PipEVC16wHXaPEKP0EqN8WnBe0TPvMITOUlP2aiL5YMld+CQ==",
			"dev": true,
			"optional": true
		},
		"@esbuild/linux-ppc64": {
			"version": "0.17.3",
			"resolved": "https://registry.npmjs.org/@esbuild/linux-ppc64/-/linux-ppc64-0.17.3.tgz",
			"integrity": "sha512-BDYf/l1WVhWE+FHAW3FzZPtVlk9QsrwsxGzABmN4g8bTjmhazsId3h127pliDRRu5674k1Y2RWejbpN46N9ZhQ==",
			"dev": true,
			"optional": true
		},
		"@esbuild/linux-riscv64": {
			"version": "0.17.3",
			"resolved": "https://registry.npmjs.org/@esbuild/linux-riscv64/-/linux-riscv64-0.17.3.tgz",
			"integrity": "sha512-WViAxWYMRIi+prTJTyV1wnqd2mS2cPqJlN85oscVhXdb/ZTFJdrpaqm/uDsZPGKHtbg5TuRX/ymKdOSk41YZow==",
			"dev": true,
			"optional": true
		},
		"@esbuild/linux-s390x": {
			"version": "0.17.3",
			"resolved": "https://registry.npmjs.org/@esbuild/linux-s390x/-/linux-s390x-0.17.3.tgz",
			"integrity": "sha512-Iw8lkNHUC4oGP1O/KhumcVy77u2s6+KUjieUqzEU3XuWJqZ+AY7uVMrrCbAiwWTkpQHkr00BuXH5RpC6Sb/7Ug==",
			"dev": true,
			"optional": true
		},
		"@esbuild/linux-x64": {
			"version": "0.17.3",
			"resolved": "https://registry.npmjs.org/@esbuild/linux-x64/-/linux-x64-0.17.3.tgz",
			"integrity": "sha512-0AGkWQMzeoeAtXQRNB3s4J1/T2XbigM2/Mn2yU1tQSmQRmHIZdkGbVq2A3aDdNslPyhb9/lH0S5GMTZ4xsjBqg==",
			"dev": true,
			"optional": true
		},
		"@esbuild/netbsd-x64": {
			"version": "0.17.3",
			"resolved": "https://registry.npmjs.org/@esbuild/netbsd-x64/-/netbsd-x64-0.17.3.tgz",
			"integrity": "sha512-4+rR/WHOxIVh53UIQIICryjdoKdHsFZFD4zLSonJ9RRw7bhKzVyXbnRPsWSfwybYqw9sB7ots/SYyufL1mBpEg==",
			"dev": true,
			"optional": true
		},
		"@esbuild/openbsd-x64": {
			"version": "0.17.3",
			"resolved": "https://registry.npmjs.org/@esbuild/openbsd-x64/-/openbsd-x64-0.17.3.tgz",
			"integrity": "sha512-cVpWnkx9IYg99EjGxa5Gc0XmqumtAwK3aoz7O4Dii2vko+qXbkHoujWA68cqXjhh6TsLaQelfDO4MVnyr+ODeA==",
			"dev": true,
			"optional": true
		},
		"@esbuild/sunos-x64": {
			"version": "0.17.3",
			"resolved": "https://registry.npmjs.org/@esbuild/sunos-x64/-/sunos-x64-0.17.3.tgz",
			"integrity": "sha512-RxmhKLbTCDAY2xOfrww6ieIZkZF+KBqG7S2Ako2SljKXRFi+0863PspK74QQ7JpmWwncChY25JTJSbVBYGQk2Q==",
			"dev": true,
			"optional": true
		},
		"@esbuild/win32-arm64": {
			"version": "0.17.3",
			"resolved": "https://registry.npmjs.org/@esbuild/win32-arm64/-/win32-arm64-0.17.3.tgz",
			"integrity": "sha512-0r36VeEJ4efwmofxVJRXDjVRP2jTmv877zc+i+Pc7MNsIr38NfsjkQj23AfF7l0WbB+RQ7VUb+LDiqC/KY/M/A==",
			"dev": true,
			"optional": true
		},
		"@esbuild/win32-ia32": {
			"version": "0.17.3",
			"resolved": "https://registry.npmjs.org/@esbuild/win32-ia32/-/win32-ia32-0.17.3.tgz",
			"integrity": "sha512-wgO6rc7uGStH22nur4aLFcq7Wh86bE9cOFmfTr/yxN3BXvDEdCSXyKkO+U5JIt53eTOgC47v9k/C1bITWL/Teg==",
			"dev": true,
			"optional": true
		},
		"@esbuild/win32-x64": {
			"version": "0.17.3",
			"resolved": "https://registry.npmjs.org/@esbuild/win32-x64/-/win32-x64-0.17.3.tgz",
			"integrity": "sha512-FdVl64OIuiKjgXBjwZaJLKp0eaEckifbhn10dXWhysMJkWblg3OEEGKSIyhiD5RSgAya8WzP3DNkngtIg3Nt7g==",
			"dev": true,
			"optional": true
		},
		"@nodelib/fs.scandir": {
			"version": "2.1.5",
			"resolved": "https://registry.npmjs.org/@nodelib/fs.scandir/-/fs.scandir-2.1.5.tgz",
			"integrity": "sha512-vq24Bq3ym5HEQm2NKCr3yXDwjc7vTsEThRDnkp2DK9p1uqLR+DHurm/NOTo0KG7HYHU7eppKZj3MyqYuMBf62g==",
			"dev": true,
			"requires": {
				"@nodelib/fs.stat": "2.0.5",
				"run-parallel": "^1.1.9"
			}
		},
		"@nodelib/fs.stat": {
			"version": "2.0.5",
			"resolved": "https://registry.npmjs.org/@nodelib/fs.stat/-/fs.stat-2.0.5.tgz",
			"integrity": "sha512-RkhPPp2zrqDAQA/2jNhnztcPAlv64XdhIp7a7454A5ovI7Bukxgt7MX7udwAu3zg1DcpPU0rz3VV1SeaqvY4+A==",
			"dev": true
		},
		"@nodelib/fs.walk": {
			"version": "1.2.8",
			"resolved": "https://registry.npmjs.org/@nodelib/fs.walk/-/fs.walk-1.2.8.tgz",
			"integrity": "sha512-oGB+UxlgWcgQkgwo8GcEGwemoTFt3FIO9ababBmaGwXIoBKZ+GTy0pP185beGg7Llih/NSHSV2XAs1lnznocSg==",
			"dev": true,
			"requires": {
				"@nodelib/fs.scandir": "2.1.5",
				"fastq": "^1.6.0"
			}
		},
		"@types/codemirror": {
			"version": "0.0.108",
			"resolved": "https://registry.npmjs.org/@types/codemirror/-/codemirror-0.0.108.tgz",
			"integrity": "sha512-3FGFcus0P7C2UOGCNUVENqObEb4SFk+S8Dnxq7K6aIsLVs/vDtlangl3PEO0ykaKXyK56swVF6Nho7VsA44uhw==",
			"dev": true,
			"requires": {
				"@types/tern": "*"
			}
		},
		"@types/estree": {
			"version": "1.0.0",
			"resolved": "https://registry.npmjs.org/@types/estree/-/estree-1.0.0.tgz",
			"integrity": "sha512-WulqXMDUTYAXCjZnk6JtIHPigp55cVtDgDrO2gHRwhyJto21+1zbVCtOYB2L1F9w4qCQ0rOGWBnBe0FNTiEJIQ==",
			"dev": true
		},
		"@types/json-schema": {
			"version": "7.0.11",
			"resolved": "https://registry.npmjs.org/@types/json-schema/-/json-schema-7.0.11.tgz",
			"integrity": "sha512-wOuvG1SN4Us4rez+tylwwwCV1psiNVOkJeM3AUWUNWg/jDQY2+HE/444y5gc+jBmRqASOm2Oeh5c1axHobwRKQ==",
			"dev": true
		},
		"@types/node": {
			"version": "16.18.12",
			"resolved": "https://registry.npmjs.org/@types/node/-/node-16.18.12.tgz",
			"integrity": "sha512-vzLe5NaNMjIE3mcddFVGlAXN1LEWueUsMsOJWaT6wWMJGyljHAWHznqfnKUQWGzu7TLPrGvWdNAsvQYW+C0xtw==",
			"dev": true
		},
		"@types/prop-types": {
			"version": "15.7.5",
			"resolved": "https://registry.npmjs.org/@types/prop-types/-/prop-types-15.7.5.tgz",
			"integrity": "sha512-JCB8C6SnDoQf0cNycqd/35A7MjcnK+ZTqE7judS6o7utxUCg6imJg3QK2qzHKszlTjcj2cn+NwMB2i96ubpj7w==",
			"dev": true
		},
		"@types/react": {
			"version": "18.0.28",
			"resolved": "https://registry.npmjs.org/@types/react/-/react-18.0.28.tgz",
			"integrity": "sha512-RD0ivG1kEztNBdoAK7lekI9M+azSnitIn85h4iOiaLjaTrMjzslhaqCGaI4IyCJ1RljWiLCEu4jyrLLgqxBTew==",
			"dev": true,
			"requires": {
				"@types/prop-types": "*",
				"@types/scheduler": "*",
				"csstype": "^3.0.2"
			}
		},
		"@types/react-dom": {
			"version": "18.0.11",
			"resolved": "https://registry.npmjs.org/@types/react-dom/-/react-dom-18.0.11.tgz",
			"integrity": "sha512-O38bPbI2CWtgw/OoQoY+BRelw7uysmXbWvw3nLWO21H1HSh+GOlqPuXshJfjmpNlKiiSDG9cc1JZAaMmVdcTlw==",
			"dev": true,
			"requires": {
				"@types/react": "*"
			}
		},
		"@types/scheduler": {
			"version": "0.16.2",
			"resolved": "https://registry.npmjs.org/@types/scheduler/-/scheduler-0.16.2.tgz",
			"integrity": "sha512-hppQEBDmlwhFAXKJX2KnWLYu5yMfi91yazPb2l+lbJiwW+wdo1gNeRA+3RgNSO39WYX2euey41KEwnqesU2Jew==",
			"dev": true
		},
		"@types/tern": {
			"version": "0.23.4",
			"resolved": "https://registry.npmjs.org/@types/tern/-/tern-0.23.4.tgz",
			"integrity": "sha512-JAUw1iXGO1qaWwEOzxTKJZ/5JxVeON9kvGZ/osgZaJImBnyjyn0cjovPsf6FNLmyGY8Vw9DoXZCMlfMkMwHRWg==",
			"dev": true,
			"requires": {
				"@types/estree": "*"
			}
		},
		"@typescript-eslint/eslint-plugin": {
			"version": "5.29.0",
			"resolved": "https://registry.npmjs.org/@typescript-eslint/eslint-plugin/-/eslint-plugin-5.29.0.tgz",
			"integrity": "sha512-kgTsISt9pM53yRFQmLZ4npj99yGl3x3Pl7z4eA66OuTzAGC4bQB5H5fuLwPnqTKU3yyrrg4MIhjF17UYnL4c0w==",
			"dev": true,
			"requires": {
				"@typescript-eslint/scope-manager": "5.29.0",
				"@typescript-eslint/type-utils": "5.29.0",
				"@typescript-eslint/utils": "5.29.0",
				"debug": "^4.3.4",
				"functional-red-black-tree": "^1.0.1",
				"ignore": "^5.2.0",
				"regexpp": "^3.2.0",
				"semver": "^7.3.7",
				"tsutils": "^3.21.0"
			}
		},
		"@typescript-eslint/parser": {
			"version": "5.29.0",
			"resolved": "https://registry.npmjs.org/@typescript-eslint/parser/-/parser-5.29.0.tgz",
			"integrity": "sha512-ruKWTv+x0OOxbzIw9nW5oWlUopvP/IQDjB5ZqmTglLIoDTctLlAJpAQFpNPJP/ZI7hTT9sARBosEfaKbcFuECw==",
			"dev": true,
			"requires": {
				"@typescript-eslint/scope-manager": "5.29.0",
				"@typescript-eslint/types": "5.29.0",
				"@typescript-eslint/typescript-estree": "5.29.0",
				"debug": "^4.3.4"
			}
		},
		"@typescript-eslint/scope-manager": {
			"version": "5.29.0",
			"resolved": "https://registry.npmjs.org/@typescript-eslint/scope-manager/-/scope-manager-5.29.0.tgz",
			"integrity": "sha512-etbXUT0FygFi2ihcxDZjz21LtC+Eps9V2xVx09zFoN44RRHPrkMflidGMI+2dUs821zR1tDS6Oc9IXxIjOUZwA==",
			"dev": true,
			"requires": {
				"@typescript-eslint/types": "5.29.0",
				"@typescript-eslint/visitor-keys": "5.29.0"
			}
		},
		"@typescript-eslint/type-utils": {
			"version": "5.29.0",
			"resolved": "https://registry.npmjs.org/@typescript-eslint/type-utils/-/type-utils-5.29.0.tgz",
			"integrity": "sha512-JK6bAaaiJozbox3K220VRfCzLa9n0ib/J+FHIwnaV3Enw/TO267qe0pM1b1QrrEuy6xun374XEAsRlA86JJnyg==",
			"dev": true,
			"requires": {
				"@typescript-eslint/utils": "5.29.0",
				"debug": "^4.3.4",
				"tsutils": "^3.21.0"
			}
		},
		"@typescript-eslint/types": {
			"version": "5.29.0",
			"resolved": "https://registry.npmjs.org/@typescript-eslint/types/-/types-5.29.0.tgz",
			"integrity": "sha512-X99VbqvAXOMdVyfFmksMy3u8p8yoRGITgU1joBJPzeYa0rhdf5ok9S56/itRoUSh99fiDoMtarSIJXo7H/SnOg==",
			"dev": true
		},
		"@typescript-eslint/typescript-estree": {
			"version": "5.29.0",
			"resolved": "https://registry.npmjs.org/@typescript-eslint/typescript-estree/-/typescript-estree-5.29.0.tgz",
			"integrity": "sha512-mQvSUJ/JjGBdvo+1LwC+GY2XmSYjK1nAaVw2emp/E61wEVYEyibRHCqm1I1vEKbXCpUKuW4G7u9ZCaZhJbLoNQ==",
			"dev": true,
			"requires": {
				"@typescript-eslint/types": "5.29.0",
				"@typescript-eslint/visitor-keys": "5.29.0",
				"debug": "^4.3.4",
				"globby": "^11.1.0",
				"is-glob": "^4.0.3",
				"semver": "^7.3.7",
				"tsutils": "^3.21.0"
			}
		},
		"@typescript-eslint/utils": {
			"version": "5.29.0",
			"resolved": "https://registry.npmjs.org/@typescript-eslint/utils/-/utils-5.29.0.tgz",
			"integrity": "sha512-3Eos6uP1nyLOBayc/VUdKZikV90HahXE5Dx9L5YlSd/7ylQPXhLk1BYb29SDgnBnTp+jmSZUU0QxUiyHgW4p7A==",
			"dev": true,
			"requires": {
				"@types/json-schema": "^7.0.9",
				"@typescript-eslint/scope-manager": "5.29.0",
				"@typescript-eslint/types": "5.29.0",
				"@typescript-eslint/typescript-estree": "5.29.0",
				"eslint-scope": "^5.1.1",
				"eslint-utils": "^3.0.0"
			}
		},
		"@typescript-eslint/visitor-keys": {
			"version": "5.29.0",
			"resolved": "https://registry.npmjs.org/@typescript-eslint/visitor-keys/-/visitor-keys-5.29.0.tgz",
			"integrity": "sha512-Hpb/mCWsjILvikMQoZIE3voc9wtQcS0A9FUw3h8bhr9UxBdtI/tw1ZDZUOXHXLOVMedKCH5NxyzATwnU78bWCQ==",
			"dev": true,
			"requires": {
				"@typescript-eslint/types": "5.29.0",
				"eslint-visitor-keys": "^3.3.0"
			}
		},
		"array-union": {
			"version": "2.1.0",
			"resolved": "https://registry.npmjs.org/array-union/-/array-union-2.1.0.tgz",
			"integrity": "sha512-HGyxoOTYUyCM6stUe6EJgnd4EoewAI7zMdfqO+kGjnlZmBDz/cR5pf8r/cR4Wq60sL/p0IkcjUEEPwS3GFrIyw==",
			"dev": true
		},
		"asynckit": {
			"version": "0.4.0",
			"resolved": "https://registry.npmjs.org/asynckit/-/asynckit-0.4.0.tgz",
			"integrity": "sha512-Oei9OH4tRh0YqU3GxhX79dM/mwVgvbZJaSNaRk+bshkj0S5cfHcgYakreBjrHwatXKbz+IoIdYLxrKim2MjW0Q=="
		},
		"axios": {
			"version": "0.26.1",
			"resolved": "https://registry.npmjs.org/axios/-/axios-0.26.1.tgz",
			"integrity": "sha512-fPwcX4EvnSHuInCMItEhAGnaSEXRBjtzh9fOtsE6E1G6p7vl7edEeZe11QHf18+6+9gR5PbKV/sGKNaD8YaMeA==",
			"requires": {
				"follow-redirects": "^1.14.8"
			}
		},
		"braces": {
			"version": "3.0.2",
			"resolved": "https://registry.npmjs.org/braces/-/braces-3.0.2.tgz",
			"integrity": "sha512-b8um+L1RzM3WDSzvhm6gIz1yfTbBt6YTlcEKAvsmqCZZFw46z626lVj9j1yEPW33H5H+lBQpZMP1k8l+78Ha0A==",
			"dev": true,
			"requires": {
				"fill-range": "^7.0.1"
			}
		},
		"builtin-modules": {
			"version": "3.3.0",
			"resolved": "https://registry.npmjs.org/builtin-modules/-/builtin-modules-3.3.0.tgz",
			"integrity": "sha512-zhaCDicdLuWN5UbN5IMnFqNMhNfo919sH85y2/ea+5Yg9TsTkeZxpL+JLbp6cgYFS4sRLp3YV4S6yDuqVWHYOw==",
			"dev": true
		},
		"combined-stream": {
			"version": "1.0.8",
			"resolved": "https://registry.npmjs.org/combined-stream/-/combined-stream-1.0.8.tgz",
			"integrity": "sha512-FQN4MRfuJeHf7cBbBMJFXhKSDq+2kAArBlmRBvcvFE5BB1HZKXtSFASDhdlz9zOYwxh8lDdnvmMOe/+5cdoEdg==",
			"requires": {
				"delayed-stream": "~1.0.0"
			}
		},
		"complex.js": {
			"version": "2.1.1",
			"resolved": "https://registry.npmjs.org/complex.js/-/complex.js-2.1.1.tgz",
			"integrity": "sha512-8njCHOTtFFLtegk6zQo0kkVX1rngygb/KQI6z1qZxlFI3scluC+LVTCFbrkWjBv4vvLlbQ9t88IPMC6k95VTTg=="
		},
		"compute-cosine-similarity": {
			"version": "1.0.0",
			"resolved": "https://registry.npmjs.org/compute-cosine-similarity/-/compute-cosine-similarity-1.0.0.tgz",
			"integrity": "sha512-jPdqVMT8Im6jS+THoDBDKZlGg32g7QeXOiBXeuiMXVEV5Tg8z38Qpvg08mt2qRy9j/H0m6w/VDoKBJ7w7F/sKg==",
			"requires": {
				"compute-dot": "^1.1.0",
				"compute-l2norm": "^1.1.0",
				"validate.io-array": "^1.0.5",
				"validate.io-function": "^1.0.2"
			}
		},
		"compute-dot": {
			"version": "1.1.0",
			"resolved": "https://registry.npmjs.org/compute-dot/-/compute-dot-1.1.0.tgz",
			"integrity": "sha512-L5Ocet4DdMrXboss13K59OK23GXjiSia7+7Ukc7q4Bl+RVpIXK2W9IHMbWDZkh+JUEvJAwOKRaJDiFUa1LTnJg==",
			"requires": {
				"validate.io-array": "^1.0.3",
				"validate.io-function": "^1.0.2"
			}
		},
		"compute-l2norm": {
			"version": "1.1.0",
			"resolved": "https://registry.npmjs.org/compute-l2norm/-/compute-l2norm-1.1.0.tgz",
			"integrity": "sha512-6EHh1Elj90eU28SXi+h2PLnTQvZmkkHWySpoFz+WOlVNLz3DQoC4ISUHSV9n5jMxPHtKGJ01F4uu2PsXBB8sSg==",
			"requires": {
				"validate.io-array": "^1.0.3",
				"validate.io-function": "^1.0.2"
			}
		},
		"csstype": {
			"version": "3.1.1",
			"resolved": "https://registry.npmjs.org/csstype/-/csstype-3.1.1.tgz",
			"integrity": "sha512-DJR/VvkAvSZW9bTouZue2sSxDwdTN92uHjqeKVm+0dAqdfNykRzQ95tay8aXMBAAPpUiq4Qcug2L7neoRh2Egw==",
			"dev": true
		},
		"debug": {
			"version": "4.3.4",
			"resolved": "https://registry.npmjs.org/debug/-/debug-4.3.4.tgz",
			"integrity": "sha512-PRWFHuSU3eDtQJPvnNY7Jcket1j0t5OuOsFzPPzsekD52Zl8qUfFIPEiswXqIvHWGVHOgX+7G/vCNNhehwxfkQ==",
			"dev": true,
			"requires": {
				"ms": "2.1.2"
			}
		},
		"decimal.js": {
			"version": "10.4.3",
			"resolved": "https://registry.npmjs.org/decimal.js/-/decimal.js-10.4.3.tgz",
			"integrity": "sha512-VBBaLc1MgL5XpzgIP7ny5Z6Nx3UrRkIViUkPUdtl9aya5amy3De1gsUUSB1g3+3sExYNjCAsAznmukyxCb1GRA=="
		},
		"delayed-stream": {
			"version": "1.0.0",
			"resolved": "https://registry.npmjs.org/delayed-stream/-/delayed-stream-1.0.0.tgz",
			"integrity": "sha512-ZySD7Nf91aLB0RxL4KGrKHBXl7Eds1DAmEdcoVawXnLD7SDhpNgtuII2aAkg7a7QS41jxPSZ17p4VdGnMHk3MQ=="
		},
		"dir-glob": {
			"version": "3.0.1",
			"resolved": "https://registry.npmjs.org/dir-glob/-/dir-glob-3.0.1.tgz",
			"integrity": "sha512-WkrWp9GR4KXfKGYzOLmTuGVi1UWFfws377n9cc55/tb6DuqyF6pcQ5AbiHEshaDpY9v6oaSr2XCDidGmMwdzIA==",
			"dev": true,
			"requires": {
				"path-type": "^4.0.0"
			}
		},
		"esbuild": {
			"version": "0.17.3",
			"resolved": "https://registry.npmjs.org/esbuild/-/esbuild-0.17.3.tgz",
			"integrity": "sha512-9n3AsBRe6sIyOc6kmoXg2ypCLgf3eZSraWFRpnkto+svt8cZNuKTkb1bhQcitBcvIqjNiK7K0J3KPmwGSfkA8g==",
			"dev": true,
			"requires": {
				"@esbuild/android-arm": "0.17.3",
				"@esbuild/android-arm64": "0.17.3",
				"@esbuild/android-x64": "0.17.3",
				"@esbuild/darwin-arm64": "0.17.3",
				"@esbuild/darwin-x64": "0.17.3",
				"@esbuild/freebsd-arm64": "0.17.3",
				"@esbuild/freebsd-x64": "0.17.3",
				"@esbuild/linux-arm": "0.17.3",
				"@esbuild/linux-arm64": "0.17.3",
				"@esbuild/linux-ia32": "0.17.3",
				"@esbuild/linux-loong64": "0.17.3",
				"@esbuild/linux-mips64el": "0.17.3",
				"@esbuild/linux-ppc64": "0.17.3",
				"@esbuild/linux-riscv64": "0.17.3",
				"@esbuild/linux-s390x": "0.17.3",
				"@esbuild/linux-x64": "0.17.3",
				"@esbuild/netbsd-x64": "0.17.3",
				"@esbuild/openbsd-x64": "0.17.3",
				"@esbuild/sunos-x64": "0.17.3",
				"@esbuild/win32-arm64": "0.17.3",
				"@esbuild/win32-ia32": "0.17.3",
				"@esbuild/win32-x64": "0.17.3"
			}
		},
		"esbuild-copy-static-files": {
			"version": "0.1.0",
			"resolved": "https://registry.npmjs.org/esbuild-copy-static-files/-/esbuild-copy-static-files-0.1.0.tgz",
			"integrity": "sha512-KlpmYqANA1t2nZavEdItfcOjJC6wbHA21v35HJWN32DddGTWKNNGDKljUzbCPojmpD+wAw8/DXr5abJ4jFCE0w==",
			"dev": true
		},
		"escape-latex": {
			"version": "1.2.0",
			"resolved": "https://registry.npmjs.org/escape-latex/-/escape-latex-1.2.0.tgz",
			"integrity": "sha512-nV5aVWW1K0wEiUIEdZ4erkGGH8mDxGyxSeqPzRNtWP7ataw+/olFObw7hujFWlVjNsaDFw5VZ5NzVSIqRgfTiw=="
		},
		"eslint-scope": {
			"version": "5.1.1",
			"resolved": "https://registry.npmjs.org/eslint-scope/-/eslint-scope-5.1.1.tgz",
			"integrity": "sha512-2NxwbF/hZ0KpepYN0cNbo+FN6XoK7GaHlQhgx/hIZl6Va0bF45RQOOwhLIy8lQDbuCiadSLCBnH2CFYquit5bw==",
			"dev": true,
			"requires": {
				"esrecurse": "^4.3.0",
				"estraverse": "^4.1.1"
			}
		},
		"eslint-utils": {
			"version": "3.0.0",
			"resolved": "https://registry.npmjs.org/eslint-utils/-/eslint-utils-3.0.0.tgz",
			"integrity": "sha512-uuQC43IGctw68pJA1RgbQS8/NP7rch6Cwd4j3ZBtgo4/8Flj4eGE7ZYSZRN3iq5pVUv6GPdW5Z1RFleo84uLDA==",
			"dev": true,
			"requires": {
				"eslint-visitor-keys": "^2.0.0"
			},
			"dependencies": {
				"eslint-visitor-keys": {
					"version": "2.1.0",
					"resolved": "https://registry.npmjs.org/eslint-visitor-keys/-/eslint-visitor-keys-2.1.0.tgz",
					"integrity": "sha512-0rSmRBzXgDzIsD6mGdJgevzgezI534Cer5L/vyMX0kHzT/jiB43jRhd9YUlMGYLQy2zprNmoT8qasCGtY+QaKw==",
					"dev": true
				}
			}
		},
		"eslint-visitor-keys": {
			"version": "3.3.0",
			"resolved": "https://registry.npmjs.org/eslint-visitor-keys/-/eslint-visitor-keys-3.3.0.tgz",
			"integrity": "sha512-mQ+suqKJVyeuwGYHAdjMFqjCyfl8+Ldnxuyp3ldiMBFKkvytrXUZWaiPCEav8qDHKty44bD+qV1IP4T+w+xXRA==",
			"dev": true
		},
		"esrecurse": {
			"version": "4.3.0",
			"resolved": "https://registry.npmjs.org/esrecurse/-/esrecurse-4.3.0.tgz",
			"integrity": "sha512-KmfKL3b6G+RXvP8N1vr3Tq1kL/oCFgn2NYXEtqP8/L3pKapUA4G8cFVaoF3SU323CD4XypR/ffioHmkti6/Tag==",
			"dev": true,
			"requires": {
				"estraverse": "^5.2.0"
			},
			"dependencies": {
				"estraverse": {
					"version": "5.3.0",
					"resolved": "https://registry.npmjs.org/estraverse/-/estraverse-5.3.0.tgz",
					"integrity": "sha512-MMdARuVEQziNTeJD8DgMqmhwR11BRQ/cBP+pLtYdSTnf3MIO8fFeiINEbX36ZdNlfU/7A9f3gUw49B3oQsvwBA==",
					"dev": true
				}
			}
		},
		"estraverse": {
			"version": "4.3.0",
			"resolved": "https://registry.npmjs.org/estraverse/-/estraverse-4.3.0.tgz",
			"integrity": "sha512-39nnKffWz8xN1BU/2c79n9nB9HDzo0niYUqx6xyqUnyoAnQyyWpOTdZEeiCch8BBu515t4wp9ZmgVfVhn9EBpw==",
			"dev": true
		},
		"fast-glob": {
			"version": "3.2.12",
			"resolved": "https://registry.npmjs.org/fast-glob/-/fast-glob-3.2.12.tgz",
			"integrity": "sha512-DVj4CQIYYow0BlaelwK1pHl5n5cRSJfM60UA0zK891sVInoPri2Ekj7+e1CT3/3qxXenpI+nBBmQAcJPJgaj4w==",
			"dev": true,
			"requires": {
				"@nodelib/fs.stat": "^2.0.2",
				"@nodelib/fs.walk": "^1.2.3",
				"glob-parent": "^5.1.2",
				"merge2": "^1.3.0",
				"micromatch": "^4.0.4"
			}
		},
		"fastq": {
			"version": "1.15.0",
			"resolved": "https://registry.npmjs.org/fastq/-/fastq-1.15.0.tgz",
			"integrity": "sha512-wBrocU2LCXXa+lWBt8RoIRD89Fi8OdABODa/kEnyeyjS5aZO5/GNvI5sEINADqP/h8M29UHTHUb53sUu5Ihqdw==",
			"dev": true,
			"requires": {
				"reusify": "^1.0.4"
			}
		},
		"fill-range": {
			"version": "7.0.1",
			"resolved": "https://registry.npmjs.org/fill-range/-/fill-range-7.0.1.tgz",
			"integrity": "sha512-qOo9F+dMUmC2Lcb4BbVvnKJxTPjCm+RRpe4gDuGrzkL7mEVl/djYSu2OdQ2Pa302N4oqkSg9ir6jaLWJ2USVpQ==",
			"dev": true,
			"requires": {
				"to-regex-range": "^5.0.1"
			}
		},
		"follow-redirects": {
			"version": "1.15.2",
			"resolved": "https://registry.npmjs.org/follow-redirects/-/follow-redirects-1.15.2.tgz",
			"integrity": "sha512-VQLG33o04KaQ8uYi2tVNbdrWp1QWxNNea+nmIB4EVM28v0hmP17z7aG1+wAkNzVq4KeXTq3221ye5qTJP91JwA=="
		},
		"form-data": {
			"version": "4.0.0",
			"resolved": "https://registry.npmjs.org/form-data/-/form-data-4.0.0.tgz",
			"integrity": "sha512-ETEklSGi5t0QMZuiXoA/Q6vcnxcLQP5vdugSpuAyi6SVGi2clPPp+xgEhuMaHC+zGgn31Kd235W35f7Hykkaww==",
			"requires": {
				"asynckit": "^0.4.0",
				"combined-stream": "^1.0.8",
				"mime-types": "^2.1.12"
			}
		},
		"fraction.js": {
			"version": "4.2.0",
			"resolved": "https://registry.npmjs.org/fraction.js/-/fraction.js-4.2.0.tgz",
			"integrity": "sha512-MhLuK+2gUcnZe8ZHlaaINnQLl0xRIGRfcGk2yl8xoQAfHrSsL3rYu6FCmBdkdbhc9EPlwyGHewaRsvwRMJtAlA=="
		},
		"functional-red-black-tree": {
			"version": "1.0.1",
			"resolved": "https://registry.npmjs.org/functional-red-black-tree/-/functional-red-black-tree-1.0.1.tgz",
			"integrity": "sha512-dsKNQNdj6xA3T+QlADDA7mOSlX0qiMINjn0cgr+eGHGsbSHzTabcIogz2+p/iqP1Xs6EP/sS2SbqH+brGTbq0g==",
			"dev": true
		},
		"glob-parent": {
			"version": "5.1.2",
			"resolved": "https://registry.npmjs.org/glob-parent/-/glob-parent-5.1.2.tgz",
			"integrity": "sha512-AOIgSQCepiJYwP3ARnGx+5VnTu2HBYdzbGP45eLw1vr3zB3vZLeyed1sC9hnbcOc9/SrMyM5RPQrkGz4aS9Zow==",
			"dev": true,
			"requires": {
				"is-glob": "^4.0.1"
			}
		},
		"globby": {
			"version": "11.1.0",
			"resolved": "https://registry.npmjs.org/globby/-/globby-11.1.0.tgz",
			"integrity": "sha512-jhIXaOzy1sb8IyocaruWSn1TjmnBVs8Ayhcy83rmxNJ8q2uWKCAj3CnJY+KpGSXCueAPc0i05kVvVKtP1t9S3g==",
			"dev": true,
			"requires": {
				"array-union": "^2.1.0",
				"dir-glob": "^3.0.1",
				"fast-glob": "^3.2.9",
				"ignore": "^5.2.0",
				"merge2": "^1.4.1",
				"slash": "^3.0.0"
			}
		},
		"ignore": {
			"version": "5.2.4",
			"resolved": "https://registry.npmjs.org/ignore/-/ignore-5.2.4.tgz",
			"integrity": "sha512-MAb38BcSbH0eHNBxn7ql2NH/kX33OkB3lZ1BNdh7ENeRChHTYsTvWrMubiIAMNS2llXEEgZ1MUOBtXChP3kaFQ==",
			"dev": true
		},
		"is-extglob": {
			"version": "2.1.1",
			"resolved": "https://registry.npmjs.org/is-extglob/-/is-extglob-2.1.1.tgz",
			"integrity": "sha512-SbKbANkN603Vi4jEZv49LeVJMn4yGwsbzZworEoyEiutsN3nJYdbO36zfhGJ6QEDpOZIFkDtnq5JRxmvl3jsoQ==",
			"dev": true
		},
		"is-glob": {
			"version": "4.0.3",
			"resolved": "https://registry.npmjs.org/is-glob/-/is-glob-4.0.3.tgz",
			"integrity": "sha512-xelSayHH36ZgE7ZWhli7pW34hNbNl8Ojv5KVmkJD4hBdD3th8Tfk9vYasLM+mXWOZhFkgZfxhLSnrwRr4elSSg==",
			"dev": true,
			"requires": {
				"is-extglob": "^2.1.1"
			}
		},
		"is-number": {
			"version": "7.0.0",
			"resolved": "https://registry.npmjs.org/is-number/-/is-number-7.0.0.tgz",
			"integrity": "sha512-41Cifkg6e8TylSpdtTpeLVMqvSBEVzTttHvERD741+pnZ8ANv0004MRL43QKPDlK9cGvNp6NZWZUBlbGXYxxng==",
			"dev": true
		},
		"javascript-natural-sort": {
			"version": "0.7.1",
			"resolved": "https://registry.npmjs.org/javascript-natural-sort/-/javascript-natural-sort-0.7.1.tgz",
			"integrity": "sha512-nO6jcEfZWQXDhOiBtG2KvKyEptz7RVbpGP4vTD2hLBdmNQSsCiicO2Ioinv6UI4y9ukqnBpy+XZ9H6uLNgJTlw=="
		},
		"js-tokens": {
			"version": "4.0.0",
			"resolved": "https://registry.npmjs.org/js-tokens/-/js-tokens-4.0.0.tgz",
			"integrity": "sha512-RdJUflcE3cUzKiMqQgsCu06FPu9UdIJO0beYbPhHN4k6apgJtifcoCtT9bcxOpYBtpD2kCM6Sbzg4CausW/PKQ=="
		},
		"loose-envify": {
			"version": "1.4.0",
			"resolved": "https://registry.npmjs.org/loose-envify/-/loose-envify-1.4.0.tgz",
			"integrity": "sha512-lyuxPGr/Wfhrlem2CL/UcnUc1zcqKAImBDzukY7Y5F/yQiNdko6+fRLevlw1HgMySw7f611UIY408EtxRSoK3Q==",
			"requires": {
				"js-tokens": "^3.0.0 || ^4.0.0"
			}
		},
		"lru-cache": {
			"version": "6.0.0",
			"resolved": "https://registry.npmjs.org/lru-cache/-/lru-cache-6.0.0.tgz",
			"integrity": "sha512-Jo6dJ04CmSjuznwJSS3pUeWmd/H0ffTlkXXgwZi+eq1UCmqQwCh+eLsYOYCwY991i2Fah4h1BEMCx4qThGbsiA==",
			"dev": true,
			"requires": {
				"yallist": "^4.0.0"
			}
		},
		"mathjs": {
			"version": "11.6.0",
			"resolved": "https://registry.npmjs.org/mathjs/-/mathjs-11.6.0.tgz",
			"integrity": "sha512-6AAhoVvmCJSozTW+pc3XAwe9pLlAO5fYHnrHv4XWb0NQxjdz0DRnT3qneOPkKH6raTnlvHuX3XGLv8BmgXfiEg==",
			"requires": {
				"@babel/runtime": "^7.21.0",
				"complex.js": "^2.1.1",
				"decimal.js": "^10.4.3",
				"escape-latex": "^1.2.0",
				"fraction.js": "^4.2.0",
				"javascript-natural-sort": "^0.7.1",
				"seedrandom": "^3.0.5",
				"tiny-emitter": "^2.1.0",
				"typed-function": "^4.1.0"
			}
		},
		"merge2": {
			"version": "1.4.1",
			"resolved": "https://registry.npmjs.org/merge2/-/merge2-1.4.1.tgz",
			"integrity": "sha512-8q7VEgMJW4J8tcfVPy8g09NcQwZdbwFEqhe/WZkoIzjn/3TGDwtOCYtXGxA3O8tPzpczCCDgv+P2P5y00ZJOOg==",
			"dev": true
		},
		"micromatch": {
			"version": "4.0.5",
			"resolved": "https://registry.npmjs.org/micromatch/-/micromatch-4.0.5.tgz",
			"integrity": "sha512-DMy+ERcEW2q8Z2Po+WNXuw3c5YaUSFjAO5GsJqfEl7UjvtIuFKO6ZrKvcItdy98dwFI2N1tg3zNIdKaQT+aNdA==",
			"dev": true,
			"requires": {
				"braces": "^3.0.2",
				"picomatch": "^2.3.1"
			}
		},
		"mime-db": {
			"version": "1.52.0",
			"resolved": "https://registry.npmjs.org/mime-db/-/mime-db-1.52.0.tgz",
			"integrity": "sha512-sPU4uV7dYlvtWJxwwxHD0PuihVNiE7TyAbQ5SWxDCB9mUYvOgroQOwYQQOKPJ8CIbE+1ETVlOoK1UC2nU3gYvg=="
		},
		"mime-types": {
			"version": "2.1.35",
			"resolved": "https://registry.npmjs.org/mime-types/-/mime-types-2.1.35.tgz",
			"integrity": "sha512-ZDY+bPm5zTTF+YpCrAU9nK0UgICYPT0QtT1NZWFv4s++TNkcgVaT0g6+4R2uI4MjQjzysHB1zxuWL50hzaeXiw==",
			"requires": {
				"mime-db": "1.52.0"
			}
		},
		"moment": {
			"version": "2.29.4",
			"resolved": "https://registry.npmjs.org/moment/-/moment-2.29.4.tgz",
			"integrity": "sha512-5LC9SOxjSc2HF6vO2CyuTDNivEdoz2IvyJJGj6X8DJ0eFyfszE0QiEd+iXmBvUP3WHxSjFH/vIsA0EN00cgr8w==",
			"dev": true
		},
		"ms": {
			"version": "2.1.2",
			"resolved": "https://registry.npmjs.org/ms/-/ms-2.1.2.tgz",
			"integrity": "sha512-sGkPx+VjMtmA6MX27oA4FBFELFCZZ4S4XqeGOXCv68tT+jb3vk/RyaKWP0PTKyWtmLSM0b+adUTEvbs1PEaH2w==",
			"dev": true
		},
		"obsidian": {
			"version": "1.1.1",
			"resolved": "https://registry.npmjs.org/obsidian/-/obsidian-1.1.1.tgz",
			"integrity": "sha512-GcxhsHNkPEkwHEjeyitfYNBcQuYGeAHFs1pEpZIv0CnzSfui8p8bPLm2YKLgcg20B764770B1sYGtxCvk9ptxg==",
			"dev": true,
			"requires": {
				"@types/codemirror": "0.0.108",
				"moment": "2.29.4"
			}
		},
		"openai": {
			"version": "3.1.0",
			"resolved": "https://registry.npmjs.org/openai/-/openai-3.1.0.tgz",
			"integrity": "sha512-v5kKFH5o+8ld+t0arudj833Mgm3GcgBnbyN9946bj6u7bvel4Yg6YFz2A4HLIYDzmMjIo0s6vSG9x73kOwvdCg==",
			"requires": {
				"axios": "^0.26.0",
				"form-data": "^4.0.0"
			}
		},
		"path-type": {
			"version": "4.0.0",
			"resolved": "https://registry.npmjs.org/path-type/-/path-type-4.0.0.tgz",
			"integrity": "sha512-gDKb8aZMDeD/tZWs9P6+q0J9Mwkdl6xMV8TjnGP3qJVJ06bdMgkbBlLU8IdfOsIsFz2BW1rNVT3XuNEl8zPAvw==",
			"dev": true
		},
		"picomatch": {
			"version": "2.3.1",
			"resolved": "https://registry.npmjs.org/picomatch/-/picomatch-2.3.1.tgz",
			"integrity": "sha512-JU3teHTNjmE2VCGFzuY8EXzCDVwEqB2a8fsIvwaStHhAWJEeVd1o1QD80CU6+ZdEXXSLbSsuLwJjkCBWqRQUVA==",
			"dev": true
		},
		"queue-microtask": {
			"version": "1.2.3",
			"resolved": "https://registry.npmjs.org/queue-microtask/-/queue-microtask-1.2.3.tgz",
			"integrity": "sha512-NuaNSa6flKT5JaSYQzJok04JzTL1CA6aGhv5rfLW3PgqA+M2ChpZQnAC8h8i4ZFkBS8X5RqkDBHA7r4hej3K9A==",
			"dev": true
		},
		"react": {
			"version": "18.2.0",
			"resolved": "https://registry.npmjs.org/react/-/react-18.2.0.tgz",
			"integrity": "sha512-/3IjMdb2L9QbBdWiW5e3P2/npwMBaU9mHCSCUzNln0ZCYbcfTsGbTJrU/kGemdH2IWmB2ioZ+zkxtmq6g09fGQ==",
			"requires": {
				"loose-envify": "^1.1.0"
			}
		},
		"react-dom": {
			"version": "18.2.0",
			"resolved": "https://registry.npmjs.org/react-dom/-/react-dom-18.2.0.tgz",
			"integrity": "sha512-6IMTriUmvsjHUjNtEDudZfuDQUoWXVxKHhlEGSk81n4YFS+r/Kl99wXiwlVXtPBtJenozv2P+hxDsw9eA7Xo6g==",
			"requires": {
				"loose-envify": "^1.1.0",
				"scheduler": "^0.23.0"
			}
		},
		"regenerator-runtime": {
			"version": "0.13.11",
			"resolved": "https://registry.npmjs.org/regenerator-runtime/-/regenerator-runtime-0.13.11.tgz",
			"integrity": "sha512-kY1AZVr2Ra+t+piVaJ4gxaFaReZVH40AKNo7UCX6W+dEwBo/2oZJzqfuN1qLq1oL45o56cPaTXELwrTh8Fpggg=="
		},
		"regexpp": {
			"version": "3.2.0",
			"resolved": "https://registry.npmjs.org/regexpp/-/regexpp-3.2.0.tgz",
			"integrity": "sha512-pq2bWo9mVD43nbts2wGv17XLiNLya+GklZ8kaDLV2Z08gDCsGpnKn9BFMepvWuHCbyVvY7J5o5+BVvoQbmlJLg==",
			"dev": true
		},
		"reusify": {
			"version": "1.0.4",
			"resolved": "https://registry.npmjs.org/reusify/-/reusify-1.0.4.tgz",
			"integrity": "sha512-U9nH88a3fc/ekCF1l0/UP1IosiuIjyTh7hBvXVMHYgVcfGvt897Xguj2UOLDeI5BG2m7/uwyaLVT6fbtCwTyzw==",
			"dev": true
		},
		"run-parallel": {
			"version": "1.2.0",
			"resolved": "https://registry.npmjs.org/run-parallel/-/run-parallel-1.2.0.tgz",
			"integrity": "sha512-5l4VyZR86LZ/lDxZTR6jqL8AFE2S0IFLMP26AbjsLVADxHdhB/c0GUsH+y39UfCi3dzz8OlQuPmnaJOMoDHQBA==",
			"dev": true,
			"requires": {
				"queue-microtask": "^1.2.2"
			}
		},
		"scheduler": {
			"version": "0.23.0",
			"resolved": "https://registry.npmjs.org/scheduler/-/scheduler-0.23.0.tgz",
			"integrity": "sha512-CtuThmgHNg7zIZWAXi3AsyIzA3n4xx7aNyjwC2VJldO2LMVDhFK+63xGqq6CsJH4rTAt6/M+N4GhZiDYPx9eUw==",
			"requires": {
				"loose-envify": "^1.1.0"
			}
		},
		"seedrandom": {
			"version": "3.0.5",
			"resolved": "https://registry.npmjs.org/seedrandom/-/seedrandom-3.0.5.tgz",
			"integrity": "sha512-8OwmbklUNzwezjGInmZ+2clQmExQPvomqjL7LFqOYqtmuxRgQYqOD3mHaU+MvZn5FLUeVxVfQjwLZW/n/JFuqg=="
		},
		"semver": {
			"version": "7.3.8",
			"resolved": "https://registry.npmjs.org/semver/-/semver-7.3.8.tgz",
			"integrity": "sha512-NB1ctGL5rlHrPJtFDVIVzTyQylMLu9N9VICA6HSFJo8MCGVTMW6gfpicwKmmK/dAjTOrqu5l63JJOpDSrAis3A==",
			"dev": true,
			"requires": {
				"lru-cache": "^6.0.0"
			}
		},
		"slash": {
			"version": "3.0.0",
			"resolved": "https://registry.npmjs.org/slash/-/slash-3.0.0.tgz",
			"integrity": "sha512-g9Q1haeby36OSStwb4ntCGGGaKsaVSjQ68fBxoQcutl5fS1vuY18H3wSt3jFyFtrkx+Kz0V1G85A4MyAdDMi2Q==",
			"dev": true
		},
		"tiny-emitter": {
			"version": "2.1.0",
			"resolved": "https://registry.npmjs.org/tiny-emitter/-/tiny-emitter-2.1.0.tgz",
			"integrity": "sha512-NB6Dk1A9xgQPMoGqC5CVXn123gWyte215ONT5Pp5a0yt4nlEoO1ZWeCwpncaekPHXO60i47ihFnZPiRPjRMq4Q=="
		},
		"to-regex-range": {
			"version": "5.0.1",
			"resolved": "https://registry.npmjs.org/to-regex-range/-/to-regex-range-5.0.1.tgz",
			"integrity": "sha512-65P7iz6X5yEr1cwcgvQxbbIw7Uk3gOy5dIdtZ4rDveLqhrdJP+Li/Hx6tyK0NEb+2GCyneCMJiGqrADCSNk8sQ==",
			"dev": true,
			"requires": {
				"is-number": "^7.0.0"
			}
		},
		"tslib": {
			"version": "2.4.0",
			"resolved": "https://registry.npmjs.org/tslib/-/tslib-2.4.0.tgz",
			"integrity": "sha512-d6xOpEDfsi2CZVlPQzGeux8XMwLT9hssAsaPYExaQMuYskwb+x1x7J371tWlbBdWHroy99KnVB6qIkUbs5X3UQ==",
			"dev": true
		},
		"tsutils": {
			"version": "3.21.0",
			"resolved": "https://registry.npmjs.org/tsutils/-/tsutils-3.21.0.tgz",
			"integrity": "sha512-mHKK3iUXL+3UF6xL5k0PEhKRUBKPBCv/+RkEOpjRWxxx27KKRBmmA60A9pgOUvMi8GKhRMPEmjBRPzs2W7O1OA==",
			"dev": true,
			"requires": {
				"tslib": "^1.8.1"
			},
			"dependencies": {
				"tslib": {
					"version": "1.14.1",
					"resolved": "https://registry.npmjs.org/tslib/-/tslib-1.14.1.tgz",
					"integrity": "sha512-Xni35NKzjgMrwevysHTCArtLDpPvye8zV/0E4EyYn43P7/7qvQwPh9BGkHewbMulVntbigmcT7rdX3BNo9wRJg==",
					"dev": true
				}
			}
		},
		"typed-function": {
			"version": "4.1.0",
			"resolved": "https://registry.npmjs.org/typed-function/-/typed-function-4.1.0.tgz",
			"integrity": "sha512-DGwUl6cioBW5gw2L+6SMupGwH/kZOqivy17E4nsh1JI9fKF87orMmlQx3KISQPmg3sfnOUGlwVkroosvgddrlg=="
		},
		"typescript": {
			"version": "4.7.4",
			"resolved": "https://registry.npmjs.org/typescript/-/typescript-4.7.4.tgz",
			"integrity": "sha512-C0WQT0gezHuw6AdY1M2jxUO83Rjf0HP7Sk1DtXj6j1EwkQNZrHAg2XPWlq62oqEhYvONq5pkC2Y9oPljWToLmQ==",
			"dev": true
		},
		"validate.io-array": {
			"version": "1.0.6",
			"resolved": "https://registry.npmjs.org/validate.io-array/-/validate.io-array-1.0.6.tgz",
			"integrity": "sha512-DeOy7CnPEziggrOO5CZhVKJw6S3Yi7e9e65R1Nl/RTN1vTQKnzjfvks0/8kQ40FP/dsjRAOd4hxmJ7uLa6vxkg=="
		},
		"validate.io-function": {
			"version": "1.0.2",
			"resolved": "https://registry.npmjs.org/validate.io-function/-/validate.io-function-1.0.2.tgz",
			"integrity": "sha512-LlFybRJEriSuBnUhQyG5bwglhh50EpTL2ul23MPIuR1odjO7XaMLFV8vHGwp7AZciFxtYOeiSCT5st+XSPONiQ=="
		},
		"yallist": {
			"version": "4.0.0",
			"resolved": "https://registry.npmjs.org/yallist/-/yallist-4.0.0.tgz",
			"integrity": "sha512-3wdGidZyq5PB084XLES5TpOSRA3wjXAlIWMhum2kRcv/41Sn2emQ0dycQW4uZXLejwKvg6EsvbdlVL+FYEct7A==",
			"dev": true
		}
	}
}
